
Microsoft Visual Studio Solution File, Format Version 12.00
# Visual Studio Version 17
VisualStudioVersion = 17.5.33516.290
MinimumVisualStudioVersion = 10.0.40219.1
Project("{FAE04EC0-301F-11D3-BF4B-00C04F79EFBC}") = "day2program", "day2program\day2program.csproj", "{ACF50A81-C147-4B00-A9FD-B5281A0EEB6D}"
EndProject
Global
	GlobalSection(SolutionConfigurationPlatforms) = preSolution
		Debug|Any CPU = Debug|Any CPU
		Release|Any CPU = Release|Any CPU
	EndGlobalSection
	GlobalSection(ProjectConfigurationPlatforms) = postSolution
		{ACF50A81-C147-4B00-A9FD-B5281A0EEB6D}.Debug|Any CPU.ActiveCfg = Debug|Any CPU
		{ACF50A81-C147-4B00-A9FD-B5281A0EEB6D}.Debug|Any CPU.Build.0 = Debug|Any CPU
		{ACF50A81-C147-4B00-A9FD-B5281A0EEB6D}.Release|Any CPU.ActiveCfg = Release|Any CPU
		{ACF50A81-C147-4B00-A9FD-B5281A0EEB6D}.Release|Any CPU.Build.0 = Release|Any CPU
	EndGlobalSection
	GlobalSection(SolutionProperties) = preSolution
		HideSolutionNode = FALSE
	EndGlobalSection
	GlobalSection(ExtensibilityGlobals) = postSolution
		SolutionGuid = {48143947-B336-4AD5-AA17-A7461E7F9B91}
	EndGlobalSection
EndGlobal
